
Microsoft Visual Studio Solution File, Format Version 12.00
# Visual Studio Version 17
VisualStudioVersion = 17.0.31912.275
MinimumVisualStudioVersion = 10.0.40219.1
Project("{FAE04EC0-301F-11D3-BF4B-00C04F79EFBC}") = "practica", "practica\practica.csproj", "{16596913-6F23-458B-9C5A-FB4E05C03C2C}"
EndProject
Project("{FAE04EC0-301F-11D3-BF4B-00C04F79EFBC}") = "Logica", "Logica\Logica.csproj", "{04BE0F02-97F2-4C64-B5A1-A37A798A8457}"
EndProject
Project("{FAE04EC0-301F-11D3-BF4B-00C04F79EFBC}") = "Consola", "Consola\Consola.csproj", "{3154C0DF-23D1-4218-B9D3-4C5714CFD6EB}"
EndProject
Global
	GlobalSection(SolutionConfigurationPlatforms) = preSolution
		Debug|Any CPU = Debug|Any CPU
		Release|Any CPU = Release|Any CPU
	EndGlobalSection
	GlobalSection(ProjectConfigurationPlatforms) = postSolution
		{16596913-6F23-458B-9C5A-FB4E05C03C2C}.Debug|Any CPU.ActiveCfg = Debug|Any CPU
		{16596913-6F23-458B-9C5A-FB4E05C03C2C}.Debug|Any CPU.Build.0 = Debug|Any CPU
		{16596913-6F23-458B-9C5A-FB4E05C03C2C}.Release|Any CPU.ActiveCfg = Release|Any CPU
		{16596913-6F23-458B-9C5A-FB4E05C03C2C}.Release|Any CPU.Build.0 = Release|Any CPU
		{04BE0F02-97F2-4C64-B5A1-A37A798A8457}.Debug|Any CPU.ActiveCfg = Debug|Any CPU
		{04BE0F02-97F2-4C64-B5A1-A37A798A8457}.Debug|Any CPU.Build.0 = Debug|Any CPU
		{04BE0F02-97F2-4C64-B5A1-A37A798A8457}.Release|Any CPU.ActiveCfg = Release|Any CPU
		{04BE0F02-97F2-4C64-B5A1-A37A798A8457}.Release|Any CPU.Build.0 = Release|Any CPU
		{3154C0DF-23D1-4218-B9D3-4C5714CFD6EB}.Debug|Any CPU.ActiveCfg = Debug|Any CPU
		{3154C0DF-23D1-4218-B9D3-4C5714CFD6EB}.Debug|Any CPU.Build.0 = Debug|Any CPU
		{3154C0DF-23D1-4218-B9D3-4C5714CFD6EB}.Release|Any CPU.ActiveCfg = Release|Any CPU
		{3154C0DF-23D1-4218-B9D3-4C5714CFD6EB}.Release|Any CPU.Build.0 = Release|Any CPU
	EndGlobalSection
	GlobalSection(SolutionProperties) = preSolution
		HideSolutionNode = FALSE
	EndGlobalSection
	GlobalSection(ExtensibilityGlobals) = postSolution
		SolutionGuid = {746347D6-BA39-4417-99D7-94E62DB0B1E9}
	EndGlobalSection
EndGlobal
